
Microsoft Visual Studio Solution File, Format Version 12.00
# Visual Studio 14
VisualStudioVersion = 14.0.25123.0
MinimumVisualStudioVersion = 10.0.40219.1
Project("{2150E333-8FDC-42A3-9474-1A3956D46DE8}") = "src", "src", "{8130353A-2345-4268-84CD-C9F8A3857C46}"
EndProject
Project("{2150E333-8FDC-42A3-9474-1A3956D46DE8}") = "Solution Items", "Solution Items", "{401183F6-056D-4691-8191-C9F65DC7E0DD}"
	ProjectSection(SolutionItems) = preProject
		global.json = global.json
	EndProjectSection
EndProject
Project("{8BB2217D-0F2D-49D1-97BC-3654ED321F3B}") = "HelloWorld.ASPNETCore", "src\HelloWorld.ASPNETCore\HelloWorld.ASPNETCore.xproj", "{B020C570-C875-4E11-BDED-D59833139B07}"
EndProject
Global
	GlobalSection(SolutionConfigurationPlatforms) = preSolution
		Debug|Any CPU = Debug|Any CPU
		Release|Any CPU = Release|Any CPU
	EndGlobalSection
	GlobalSection(ProjectConfigurationPlatforms) = postSolution
		{B020C570-C875-4E11-BDED-D59833139B07}.Debug|Any CPU.ActiveCfg = Debug|Any CPU
		{B020C570-C875-4E11-BDED-D59833139B07}.Debug|Any CPU.Build.0 = Debug|Any CPU
		{B020C570-C875-4E11-BDED-D59833139B07}.Release|Any CPU.ActiveCfg = Release|Any CPU
		{B020C570-C875-4E11-BDED-D59833139B07}.Release|Any CPU.Build.0 = Release|Any CPU
	EndGlobalSection
	GlobalSection(SolutionProperties) = preSolution
		HideSolutionNode = FALSE
	EndGlobalSection
	GlobalSection(NestedProjects) = preSolution
		{B020C570-C875-4E11-BDED-D59833139B07} = {8130353A-2345-4268-84CD-C9F8A3857C46}
	EndGlobalSection
EndGlobal
